
Microsoft Visual Studio Solution File, Format Version 12.00
# Visual Studio Version 17
VisualStudioVersion = 17.5.33516.290
MinimumVisualStudioVersion = 10.0.40219.1
Project("{FAE04EC0-301F-11D3-BF4B-00C04F79EFBC}") = "BooksAPI", "BooksAPI\BooksAPI.csproj", "{FF77F8CE-C52F-4360-B0E8-A3F241888B87}"
EndProject
Global
	GlobalSection(SolutionConfigurationPlatforms) = preSolution
		Debug|Any CPU = Debug|Any CPU
		Release|Any CPU = Release|Any CPU
	EndGlobalSection
	GlobalSection(ProjectConfigurationPlatforms) = postSolution
		{FF77F8CE-C52F-4360-B0E8-A3F241888B87}.Debug|Any CPU.ActiveCfg = Debug|Any CPU
		{FF77F8CE-C52F-4360-B0E8-A3F241888B87}.Debug|Any CPU.Build.0 = Debug|Any CPU
		{FF77F8CE-C52F-4360-B0E8-A3F241888B87}.Release|Any CPU.ActiveCfg = Release|Any CPU
		{FF77F8CE-C52F-4360-B0E8-A3F241888B87}.Release|Any CPU.Build.0 = Release|Any CPU
	EndGlobalSection
	GlobalSection(SolutionProperties) = preSolution
		HideSolutionNode = FALSE
	EndGlobalSection
	GlobalSection(ExtensibilityGlobals) = postSolution
		SolutionGuid = {B3F14D70-E2CB-43D8-B9DE-DF09D48459EF}
	EndGlobalSection
EndGlobal
